// !$*UTF8*$!
{
	archiveVersion = 1;
	classes = {
	};
	objectVersion = 55;
	objects = {

/* Begin PBXBuildFile section */
		3030E67C2890673B0010401F /* StablefordCalculatorChildView.swift in Sources */ = {isa = PBXBuildFile; fileRef = 3030E67B2890673B0010401F /* StablefordCalculatorChildView.swift */; };
		3030E67E28906E320010401F /* StablefordCalculatorParentView.swift in Sources */ = {isa = PBXBuildFile; fileRef = 3030E67D28906E320010401F /* StablefordCalculatorParentView.swift */; };
		30933EDE285DEB9F00ABF1BD /* StablefordSandboxApp.swift in Sources */ = {isa = PBXBuildFile; fileRef = 30933EDD285DEB9F00ABF1BD /* StablefordSandboxApp.swift */; };
		30933EE0285DEB9F00ABF1BD /* ContentView.swift in Sources */ = {isa = PBXBuildFile; fileRef = 30933EDF285DEB9F00ABF1BD /* ContentView.swift */; };
		30933EE2285DEBA000ABF1BD /* Assets.xcassets in Resources */ = {isa = PBXBuildFile; fileRef = 30933EE1285DEBA000ABF1BD /* Assets.xcassets */; };
		30933EE5285DEBA000ABF1BD /* Preview Assets.xcassets in Resources */ = {isa = PBXBuildFile; fileRef = 30933EE4285DEBA000ABF1BD /* Preview Assets.xcassets */; };
		309C795F2893C29D006F9E73 /* HoleData.swift in Sources */ = {isa = PBXBuildFile; fileRef = 309C795E2893C29D006F9E73 /* HoleData.swift */; };
		309C79612893C2F8006F9E73 /* HoleViewModel.swift in Sources */ = {isa = PBXBuildFile; fileRef = 309C79602893C2F8006F9E73 /* HoleViewModel.swift */; };
		309C796528940084006F9E73 /* FormView.swift in Sources */ = {isa = PBXBuildFile; fileRef = 309C796428940084006F9E73 /* FormView.swift */; };
		30A18EAF285F7CD4000504E3 /* Scoring.swift in Sources */ = {isa = PBXBuildFile; fileRef = 30A18EAE285F7CD4000504E3 /* Scoring.swift */; };
		30A18EB1285F7E76000504E3 /* Scoring 2.swift in Sources */ = {isa = PBXBuildFile; fileRef = 30A18EB0285F7E76000504E3 /* Scoring 2.swift */; };
		30A18EB3285F8E2D000504E3 /* Scoring 3.swift in Sources */ = {isa = PBXBuildFile; fileRef = 30A18EB2285F8E2D000504E3 /* Scoring 3.swift */; };
		30A18EB5285F916C000504E3 /* ScoringView.swift in Sources */ = {isa = PBXBuildFile; fileRef = 30A18EB4285F916C000504E3 /* ScoringView.swift */; };
		30A18EB8285F930D000504E3 /* CreateNewRound.swift in Sources */ = {isa = PBXBuildFile; fileRef = 30A18EB7285F930D000504E3 /* CreateNewRound.swift */; };
		30C4D88F2899AEC500B8C385 /* HoleStorage.swift in Sources */ = {isa = PBXBuildFile; fileRef = 30C4D88E2899AEC500B8C385 /* HoleStorage.swift */; };
/* End PBXBuildFile section */

/* Begin PBXFileReference section */
		3030E67B2890673B0010401F /* StablefordCalculatorChildView.swift */ = {isa = PBXFileReference; lastKnownFileType = sourcecode.swift; path = StablefordCalculatorChildView.swift; sourceTree = "<group>"; };
		3030E67D28906E320010401F /* StablefordCalculatorParentView.swift */ = {isa = PBXFileReference; lastKnownFileType = sourcecode.swift; path = StablefordCalculatorParentView.swift; sourceTree = "<group>"; };
		30933EDA285DEB9F00ABF1BD /* StablefordSandbox.app */ = {isa = PBXFileReference; explicitFileType = wrapper.application; includeInIndex = 0; path = StablefordSandbox.app; sourceTree = BUILT_PRODUCTS_DIR; };
		30933EDD285DEB9F00ABF1BD /* StablefordSandboxApp.swift */ = {isa = PBXFileReference; lastKnownFileType = sourcecode.swift; path = StablefordSandboxApp.swift; sourceTree = "<group>"; };
		30933EDF285DEB9F00ABF1BD /* ContentView.swift */ = {isa = PBXFileReference; lastKnownFileType = sourcecode.swift; path = ContentView.swift; sourceTree = "<group>"; };
		30933EE1285DEBA000ABF1BD /* Assets.xcassets */ = {isa = PBXFileReference; lastKnownFileType = folder.assetcatalog; path = Assets.xcassets; sourceTree = "<group>"; };
		30933EE4285DEBA000ABF1BD /* Preview Assets.xcassets */ = {isa = PBXFileReference; lastKnownFileType = folder.assetcatalog; path = "Preview Assets.xcassets"; sourceTree = "<group>"; };
		309C795E2893C29D006F9E73 /* HoleData.swift */ = {isa = PBXFileReference; lastKnownFileType = sourcecode.swift; path = HoleData.swift; sourceTree = "<group>"; };
		309C79602893C2F8006F9E73 /* HoleViewModel.swift */ = {isa = PBXFileReference; lastKnownFileType = sourcecode.swift; path = HoleViewModel.swift; sourceTree = "<group>"; };
		309C796428940084006F9E73 /* FormView.swift */ = {isa = PBXFileReference; lastKnownFileType = sourcecode.swift; path = FormView.swift; sourceTree = "<group>"; };
		30A18EAE285F7CD4000504E3 /* Scoring.swift */ = {isa = PBXFileReference; lastKnownFileType = sourcecode.swift; path = Scoring.swift; sourceTree = "<group>"; };
		30A18EB0285F7E76000504E3 /* Scoring 2.swift */ = {isa = PBXFileReference; lastKnownFileType = sourcecode.swift; path = "Scoring 2.swift"; sourceTree = "<group>"; };
		30A18EB2285F8E2D000504E3 /* Scoring 3.swift */ = {isa = PBXFileReference; lastKnownFileType = sourcecode.swift; path = "Scoring 3.swift"; sourceTree = "<group>"; };
		30A18EB4285F916C000504E3 /* ScoringView.swift */ = {isa = PBXFileReference; lastKnownFileType = sourcecode.swift; path = ScoringView.swift; sourceTree = "<group>"; };
		30A18EB7285F930D000504E3 /* CreateNewRound.swift */ = {isa = PBXFileReference; lastKnownFileType = sourcecode.swift; path = CreateNewRound.swift; sourceTree = "<group>"; };
		30C4D88E2899AEC500B8C385 /* HoleStorage.swift */ = {isa = PBXFileReference; lastKnownFileType = sourcecode.swift; path = HoleStorage.swift; sourceTree = "<group>"; };
/* End PBXFileReference section */

/* Begin PBXFrameworksBuildPhase section */
		30933ED7285DEB9F00ABF1BD /* Frameworks */ = {
			isa = PBXFrameworksBuildPhase;
			buildActionMask = 2147483647;
			files = (
			);
			runOnlyForDeploymentPostprocessing = 0;
		};
/* End PBXFrameworksBuildPhase section */

/* Begin PBXGroup section */
		306D8D272880BE8A00F8AF51 /* Archived Files */ = {
			isa = PBXGroup;
			children = (
				30A18EB4285F916C000504E3 /* ScoringView.swift */,
			);
			path = "Archived Files";
			sourceTree = "<group>";
		};
		30933ED1285DEB9F00ABF1BD = {
			isa = PBXGroup;
			children = (
				30933EDC285DEB9F00ABF1BD /* StablefordSandbox */,
				30933EDB285DEB9F00ABF1BD /* Products */,
			);
			sourceTree = "<group>";
		};
		30933EDB285DEB9F00ABF1BD /* Products */ = {
			isa = PBXGroup;
			children = (
				30933EDA285DEB9F00ABF1BD /* StablefordSandbox.app */,
			);
			name = Products;
			sourceTree = "<group>";
		};
		30933EDC285DEB9F00ABF1BD /* StablefordSandbox */ = {
			isa = PBXGroup;
			children = (
				306D8D272880BE8A00F8AF51 /* Archived Files */,
				30C4D8912899B1B500B8C385 /* Parent Child Views */,
				30933EDD285DEB9F00ABF1BD /* StablefordSandboxApp.swift */,
				30933EDF285DEB9F00ABF1BD /* ContentView.swift */,
				30A18EB7285F930D000504E3 /* CreateNewRound.swift */,
				309C795E2893C29D006F9E73 /* HoleData.swift */,
				309C79602893C2F8006F9E73 /* HoleViewModel.swift */,
				309C796428940084006F9E73 /* FormView.swift */,
				30C4D88E2899AEC500B8C385 /* HoleStorage.swift */,
				30A18EB6285F9228000504E3 /* Scoring Tests */,
				30933EE1285DEBA000ABF1BD /* Assets.xcassets */,
				30933EE3285DEBA000ABF1BD /* Preview Content */,
			);
			path = StablefordSandbox;
			sourceTree = "<group>";
		};
		30933EE3285DEBA000ABF1BD /* Preview Content */ = {
			isa = PBXGroup;
			children = (
				30933EE4285DEBA000ABF1BD /* Preview Assets.xcassets */,
			);
			path = "Preview Content";
			sourceTree = "<group>";
		};
		30A18EB6285F9228000504E3 /* Scoring Tests */ = {
			isa = PBXGroup;
			children = (
				30A18EAE285F7CD4000504E3 /* Scoring.swift */,
				30A18EB0285F7E76000504E3 /* Scoring 2.swift */,
				30A18EB2285F8E2D000504E3 /* Scoring 3.swift */,
			);
			path = "Scoring Tests";
			sourceTree = "<group>";
		};
		30C4D8912899B1B500B8C385 /* Parent Child Views */ = {
			isa = PBXGroup;
			children = (
				3030E67D28906E320010401F /* StablefordCalculatorParentView.swift */,
				3030E67B2890673B0010401F /* StablefordCalculatorChildView.swift */,
			);
			path = "Parent Child Views";
			sourceTree = "<group>";
		};
/* End PBXGroup section */

/* Begin PBXNativeTarget section */
		30933ED9285DEB9F00ABF1BD /* StablefordSandbox */ = {
			isa = PBXNativeTarget;
			buildConfigurationList = 30933EE8285DEBA000ABF1BD /* Build configuration list for PBXNativeTarget "StablefordSandbox" */;
			buildPhases = (
				30933ED6285DEB9F00ABF1BD /* Sources */,
				30933ED7285DEB9F00ABF1BD /* Frameworks */,
				30933ED8285DEB9F00ABF1BD /* Resources */,
			);
			buildRules = (
			);
			dependencies = (
			);
			name = StablefordSandbox;
			productName = StablefordSandbox;
			productReference = 30933EDA285DEB9F00ABF1BD /* StablefordSandbox.app */;
			productType = "com.apple.product-type.application";
		};
/* End PBXNativeTarget section */

/* Begin PBXProject section */
		30933ED2285DEB9F00ABF1BD /* Project object */ = {
			isa = PBXProject;
			attributes = {
				BuildIndependentTargetsInParallel = 1;
				LastSwiftUpdateCheck = 1330;
				LastUpgradeCheck = 1330;
				TargetAttributes = {
					30933ED9285DEB9F00ABF1BD = {
						CreatedOnToolsVersion = 13.3.1;
					};
				};
			};
			buildConfigurationList = 30933ED5285DEB9F00ABF1BD /* Build configuration list for PBXProject "StablefordSandbox" */;
			compatibilityVersion = "Xcode 13.0";
			developmentRegion = en;
			hasScannedForEncodings = 0;
			knownRegions = (
				en,
				Base,
			);
			mainGroup = 30933ED1285DEB9F00ABF1BD;
			productRefGroup = 30933EDB285DEB9F00ABF1BD /* Products */;
			projectDirPath = "";
			projectRoot = "";
			targets = (
				30933ED9285DEB9F00ABF1BD /* StablefordSandbox */,
			);
		};
/* End PBXProject section */

/* Begin PBXResourcesBuildPhase section */
		30933ED8285DEB9F00ABF1BD /* Resources */ = {
			isa = PBXResourcesBuildPhase;
			buildActionMask = 2147483647;
			files = (
				30933EE5285DEBA000ABF1BD /* Preview Assets.xcassets in Resources */,
				30933EE2285DEBA000ABF1BD /* Assets.xcassets in Resources */,
			);
			runOnlyForDeploymentPostprocessing = 0;
		};
/* End PBXResourcesBuildPhase section */

/* Begin PBXSourcesBuildPhase section */
		30933ED6285DEB9F00ABF1BD /* Sources */ = {
			isa = PBXSourcesBuildPhase;
			buildActionMask = 2147483647;
			files = (
				30933EE0285DEB9F00ABF1BD /* ContentView.swift in Sources */,
				30C4D88F2899AEC500B8C385 /* HoleStorage.swift in Sources */,
				3030E67E28906E320010401F /* StablefordCalculatorParentView.swift in Sources */,
				309C796528940084006F9E73 /* FormView.swift in Sources */,
				30A18EB5285F916C000504E3 /* ScoringView.swift in Sources */,
				30A18EB1285F7E76000504E3 /* Scoring 2.swift in Sources */,
				30933EDE285DEB9F00ABF1BD /* StablefordSandboxApp.swift in Sources */,
				309C79612893C2F8006F9E73 /* HoleViewModel.swift in Sources */,
				30A18EB3285F8E2D000504E3 /* Scoring 3.swift in Sources */,
				30A18EAF285F7CD4000504E3 /* Scoring.swift in Sources */,
				3030E67C2890673B0010401F /* StablefordCalculatorChildView.swift in Sources */,
				30A18EB8285F930D000504E3 /* CreateNewRound.swift in Sources */,
				309C795F2893C29D006F9E73 /* HoleData.swift in Sources */,
			);
			runOnlyForDeploymentPostprocessing = 0;
		};
/* End PBXSourcesBuildPhase section */

/* Begin XCBuildConfiguration section */
		30933EE6285DEBA000ABF1BD /* Debug */ = {
			isa = XCBuildConfiguration;
			buildSettings = {
				ALWAYS_SEARCH_USER_PATHS = NO;
				CLANG_ANALYZER_NONNULL = YES;
				CLANG_ANALYZER_NUMBER_OBJECT_CONVERSION = YES_AGGRESSIVE;
				CLANG_CXX_LANGUAGE_STANDARD = "gnu++17";
				CLANG_ENABLE_MODULES = YES;
				CLANG_ENABLE_OBJC_ARC = YES;
				CLANG_ENABLE_OBJC_WEAK = YES;
				CLANG_WARN_BLOCK_CAPTURE_AUTORELEASING = YES;
				CLANG_WARN_BOOL_CONVERSION = YES;
				CLANG_WARN_COMMA = YES;
				CLANG_WARN_CONSTANT_CONVERSION = YES;
				CLANG_WARN_DEPRECATED_OBJC_IMPLEMENTATIONS = YES;
				CLANG_WARN_DIRECT_OBJC_ISA_USAGE = YES_ERROR;
				CLANG_WARN_DOCUMENTATION_COMMENTS = YES;
				CLANG_WARN_EMPTY_BODY = YES;
				CLANG_WARN_ENUM_CONVERSION = YES;
				CLANG_WARN_INFINITE_RECURSION = YES;
				CLANG_WARN_INT_CONVERSION = YES;
				CLANG_WARN_NON_LITERAL_NULL_CONVERSION = YES;
				CLANG_WARN_OBJC_IMPLICIT_RETAIN_SELF = YES;
				CLANG_WARN_OBJC_LITERAL_CONVERSION = YES;
				CLANG_WARN_OBJC_ROOT_CLASS = YES_ERROR;
				CLANG_WARN_QUOTED_INCLUDE_IN_FRAMEWORK_HEADER = YES;
				CLANG_WARN_RANGE_LOOP_ANALYSIS = YES;
				CLANG_WARN_STRICT_PROTOTYPES = YES;
				CLANG_WARN_SUSPICIOUS_MOVE = YES;
				CLANG_WARN_UNGUARDED_AVAILABILITY = YES_AGGRESSIVE;
				CLANG_WARN_UNREACHABLE_CODE = YES;
				CLANG_WARN__DUPLICATE_METHOD_MATCH = YES;
				COPY_PHASE_STRIP = NO;
				DEBUG_INFORMATION_FORMAT = dwarf;
				ENABLE_STRICT_OBJC_MSGSEND = YES;
				ENABLE_TESTABILITY = YES;
				GCC_C_LANGUAGE_STANDARD = gnu11;
				GCC_DYNAMIC_NO_PIC = NO;
				GCC_NO_COMMON_BLOCKS = YES;
				GCC_OPTIMIZATION_LEVEL = 0;
				GCC_PREPROCESSOR_DEFINITIONS = (
					"DEBUG=1",
					"$(inherited)",
				);
				GCC_WARN_64_TO_32_BIT_CONVERSION = YES;
				GCC_WARN_ABOUT_RETURN_TYPE = YES_ERROR;
				GCC_WARN_UNDECLARED_SELECTOR = YES;
				GCC_WARN_UNINITIALIZED_AUTOS = YES_AGGRESSIVE;
				GCC_WARN_UNUSED_FUNCTION = YES;
				GCC_WARN_UNUSED_VARIABLE = YES;
				IPHONEOS_DEPLOYMENT_TARGET = 15.4;
				MTL_ENABLE_DEBUG_INFO = INCLUDE_SOURCE;
				MTL_FAST_MATH = YES;
				ONLY_ACTIVE_ARCH = YES;
				SDKROOT = iphoneos;
				SWIFT_ACTIVE_COMPILATION_CONDITIONS = DEBUG;
				SWIFT_OPTIMIZATION_LEVEL = "-Onone";
			};
			name = Debug;
		};
		30933EE7285DEBA000ABF1BD /* Release */ = {
			isa = XCBuildConfiguration;
			buildSettings = {
				ALWAYS_SEARCH_USER_PATHS = NO;
				CLANG_ANALYZER_NONNULL = YES;
				CLANG_ANALYZER_NUMBER_OBJECT_CONVERSION = YES_AGGRESSIVE;
				CLANG_CXX_LANGUAGE_STANDARD = "gnu++17";
				CLANG_ENABLE_MODULES = YES;
				CLANG_ENABLE_OBJC_ARC = YES;
				CLANG_ENABLE_OBJC_WEAK = YES;
				CLANG_WARN_BLOCK_CAPTURE_AUTORELEASING = YES;
				CLANG_WARN_BOOL_CONVERSION = YES;
				CLANG_WARN_COMMA = YES;
				CLANG_WARN_CONSTANT_CONVERSION = YES;
				CLANG_WARN_DEPRECATED_OBJC_IMPLEMENTATIONS = YES;
				CLANG_WARN_DIRECT_OBJC_ISA_USAGE = YES_ERROR;
				CLANG_WARN_DOCUMENTATION_COMMENTS = YES;
				CLANG_WARN_EMPTY_BODY = YES;
				CLANG_WARN_ENUM_CONVERSION = YES;
				CLANG_WARN_INFINITE_RECURSION = YES;
				CLANG_WARN_INT_CONVERSION = YES;
				CLANG_WARN_NON_LITERAL_NULL_CONVERSION = YES;
				CLANG_WARN_OBJC_IMPLICIT_RETAIN_SELF = YES;
				CLANG_WARN_OBJC_LITERAL_CONVERSION = YES;
				CLANG_WARN_OBJC_ROOT_CLASS = YES_ERROR;
				CLANG_WARN_QUOTED_INCLUDE_IN_FRAMEWORK_HEADER = YES;
				CLANG_WARN_RANGE_LOOP_ANALYSIS = YES;
				CLANG_WARN_STRICT_PROTOTYPES = YES;
				CLANG_WARN_SUSPICIOUS_MOVE = YES;
				CLANG_WARN_UNGUARDED_AVAILABILITY = YES_AGGRESSIVE;
				CLANG_WARN_UNREACHABLE_CODE = YES;
				CLANG_WARN__DUPLICATE_METHOD_MATCH = YES;
				COPY_PHASE_STRIP = NO;
				DEBUG_INFORMATION_FORMAT = "dwarf-with-dsym";
				ENABLE_NS_ASSERTIONS = NO;
				ENABLE_STRICT_OBJC_MSGSEND = YES;
				GCC_C_LANGUAGE_STANDARD = gnu11;
				GCC_NO_COMMON_BLOCKS = YES;
				GCC_WARN_64_TO_32_BIT_CONVERSION = YES;
				GCC_WARN_ABOUT_RETURN_TYPE = YES_ERROR;
				GCC_WARN_UNDECLARED_SELECTOR = YES;
				GCC_WARN_UNINITIALIZED_AUTOS = YES_AGGRESSIVE;
				GCC_WARN_UNUSED_FUNCTION = YES;
				GCC_WARN_UNUSED_VARIABLE = YES;
				IPHONEOS_DEPLOYMENT_TARGET = 15.4;
				MTL_ENABLE_DEBUG_INFO = NO;
				MTL_FAST_MATH = YES;
				SDKROOT = iphoneos;
				SWIFT_COMPILATION_MODE = wholemodule;
				SWIFT_OPTIMIZATION_LEVEL = "-O";
				VALIDATE_PRODUCT = YES;
			};
			name = Release;
		};
		30933EE9285DEBA000ABF1BD /* Debug */ = {
			isa = XCBuildConfiguration;
			buildSettings = {
				ASSETCATALOG_COMPILER_APPICON_NAME = AppIcon;
				ASSETCATALOG_COMPILER_GLOBAL_ACCENT_COLOR_NAME = AccentColor;
				CODE_SIGN_STYLE = Automatic;
				CURRENT_PROJECT_VERSION = 1;
				DEVELOPMENT_ASSET_PATHS = "\"StablefordSandbox/Preview Content\"";
				DEVELOPMENT_TEAM = 9SLC94245Z;
				ENABLE_PREVIEWS = YES;
				GENERATE_INFOPLIST_FILE = YES;
				INFOPLIST_KEY_UIApplicationSceneManifest_Generation = YES;
				INFOPLIST_KEY_UIApplicationSupportsIndirectInputEvents = YES;
				INFOPLIST_KEY_UILaunchScreen_Generation = YES;
				INFOPLIST_KEY_UISupportedInterfaceOrientations_iPad = "UIInterfaceOrientationPortrait UIInterfaceOrientationPortraitUpsideDown UIInterfaceOrientationLandscapeLeft UIInterfaceOrientationLandscapeRight";
				INFOPLIST_KEY_UISupportedInterfaceOrientations_iPhone = "UIInterfaceOrientationPortrait UIInterfaceOrientationLandscapeLeft UIInterfaceOrientationLandscapeRight";
				LD_RUNPATH_SEARCH_PATHS = (
					"$(inherited)",
					"@executable_path/Frameworks",
				);
				MARKETING_VERSION = 1.0;
				PRODUCT_BUNDLE_IDENTIFIER = com.DannyWade.StablefordSandbox;
				PRODUCT_NAME = "$(TARGET_NAME)";
				SWIFT_EMIT_LOC_STRINGS = YES;
				SWIFT_VERSION = 5.0;
				TARGETED_DEVICE_FAMILY = "1,2";
			};
			name = Debug;
		};
		30933EEA285DEBA000ABF1BD /* Release */ = {
			isa = XCBuildConfiguration;
			buildSettings = {
				ASSETCATALOG_COMPILER_APPICON_NAME = AppIcon;
				ASSETCATALOG_COMPILER_GLOBAL_ACCENT_COLOR_NAME = AccentColor;
				CODE_SIGN_STYLE = Automatic;
				CURRENT_PROJECT_VERSION = 1;
				DEVELOPMENT_ASSET_PATHS = "\"StablefordSandbox/Preview Content\"";
				DEVELOPMENT_TEAM = 9SLC94245Z;
				ENABLE_PREVIEWS = YES;
				GENERATE_INFOPLIST_FILE = YES;
				INFOPLIST_KEY_UIApplicationSceneManifest_Generation = YES;
				INFOPLIST_KEY_UIApplicationSupportsIndirectInputEvents = YES;
				INFOPLIST_KEY_UILaunchScreen_Generation = YES;
				INFOPLIST_KEY_UISupportedInterfaceOrientations_iPad = "UIInterfaceOrientationPortrait UIInterfaceOrientationPortraitUpsideDown UIInterfaceOrientationLandscapeLeft UIInterfaceOrientationLandscapeRight";
				INFOPLIST_KEY_UISupportedInterfaceOrientations_iPhone = "UIInterfaceOrientationPortrait UIInterfaceOrientationLandscapeLeft UIInterfaceOrientationLandscapeRight";
				LD_RUNPATH_SEARCH_PATHS = (
					"$(inherited)",
					"@executable_path/Frameworks",
				);
				MARKETING_VERSION = 1.0;
				PRODUCT_BUNDLE_IDENTIFIER = com.DannyWade.StablefordSandbox;
				PRODUCT_NAME = "$(TARGET_NAME)";
				SWIFT_EMIT_LOC_STRINGS = YES;
				SWIFT_VERSION = 5.0;
				TARGETED_DEVICE_FAMILY = "1,2";
			};
			name = Release;
		};
/* End XCBuildConfiguration section */

/* Begin XCConfigurationList section */
		30933ED5285DEB9F00ABF1BD /* Build configuration list for PBXProject "StablefordSandbox" */ = {
			isa = XCConfigurationList;
			buildConfigurations = (
				30933EE6285DEBA000ABF1BD /* Debug */,
				30933EE7285DEBA000ABF1BD /* Release */,
			);
			defaultConfigurationIsVisible = 0;
			defaultConfigurationName = Release;
		};
		30933EE8285DEBA000ABF1BD /* Build configuration list for PBXNativeTarget "StablefordSandbox" */ = {
			isa = XCConfigurationList;
			buildConfigurations = (
				30933EE9285DEBA000ABF1BD /* Debug */,
				30933EEA285DEBA000ABF1BD /* Release */,
			);
			defaultConfigurationIsVisible = 0;
			defaultConfigurationName = Release;
		};
/* End XCConfigurationList section */
	};
	rootObject = 30933ED2285DEB9F00ABF1BD /* Project object */;
}
